
Microsoft Visual Studio Solution File, Format Version 12.00
# Visual Studio Version 16
VisualStudioVersion = 16.0.30320.27
MinimumVisualStudioVersion = 10.0.40219.1
Project("{FAE04EC0-301F-11D3-BF4B-00C04F79EFBC}") = "Priomnyi", "Priomnyi\Priomnyi.csproj", "{94801A1A-7B81-4F27-8112-BAA6F480C19B}"
EndProject
Global
	GlobalSection(SolutionConfigurationPlatforms) = preSolution
		Debug|Any CPU = Debug|Any CPU
		Release|Any CPU = Release|Any CPU
	EndGlobalSection
	GlobalSection(ProjectConfigurationPlatforms) = postSolution
		{94801A1A-7B81-4F27-8112-BAA6F480C19B}.Debug|Any CPU.ActiveCfg = Debug|Any CPU
		{94801A1A-7B81-4F27-8112-BAA6F480C19B}.Debug|Any CPU.Build.0 = Debug|Any CPU
		{94801A1A-7B81-4F27-8112-BAA6F480C19B}.Release|Any CPU.ActiveCfg = Release|Any CPU
		{94801A1A-7B81-4F27-8112-BAA6F480C19B}.Release|Any CPU.Build.0 = Release|Any CPU
	EndGlobalSection
	GlobalSection(SolutionProperties) = preSolution
		HideSolutionNode = FALSE
	EndGlobalSection
	GlobalSection(ExtensibilityGlobals) = postSolution
		SolutionGuid = {4D032EA6-8C88-43D0-9F7C-A923F74B950F}
	EndGlobalSection
EndGlobal
